// !$*UTF8*$!
{
	archiveVersion = 1;
	classes = {
	};
	objectVersion = 77;
	objects = {

/* Begin PBXBuildFile section */
		3999D2BA3048F8B9005343C7 /* HaruchiFit Watch App.app in Embed Watch Content */ = {isa = PBXBuildFile; fileRef = 3999D29A3048F8B8005343C7 /* HaruchiFit Watch App.app */; settings = {ATTRIBUTES = (RemoveHeadersOnCopy, ); }; };
		3999D2CC3048FA54005343C7 /* WidgetKit.framework in Frameworks */ = {isa = PBXBuildFile; fileRef = 3999D2CB3048FA54005343C7 /* WidgetKit.framework */; };
		3999D2CE3048FA54005343C7 /* SwiftUI.framework in Frameworks */ = {isa = PBXBuildFile; fileRef = 3999D2CD3048FA54005343C7 /* SwiftUI.framework */; };
		3999D2D93048FA55005343C7 /* HaruchiComplicationExtension.appex in Embed Foundation Extensions */ = {isa = PBXBuildFile; fileRef = 3999D2C93048FA54005343C7 /* HaruchiComplicationExtension.appex */; settings = {ATTRIBUTES = (RemoveHeadersOnCopy, ); }; };
		3999D531304909AF005343C7 /* ConnectivityCore in Frameworks */ = {isa = PBXBuildFile; productRef = 3999D530304909AF005343C7 /* ConnectivityCore */; };
		3999D533304909AF005343C7 /* PersistenceCore in Frameworks */ = {isa = PBXBuildFile; productRef = 3999D532304909AF005343C7 /* PersistenceCore */; };
		3999D535304909AF005343C7 /* WorkoutCore in Frameworks */ = {isa = PBXBuildFile; productRef = 3999D534304909AF005343C7 /* WorkoutCore */; };
		3999D537304909AF005343C7 /* WorkoutShareUI in Frameworks */ = {isa = PBXBuildFile; productRef = 3999D536304909AF005343C7 /* WorkoutShareUI */; };
		3999D539304909AF005343C7 /* WorkoutUI in Frameworks */ = {isa = PBXBuildFile; productRef = 3999D538304909AF005343C7 /* WorkoutUI */; };
		3999D53B304909C4005343C7 /* ConnectivityCore in Frameworks */ = {isa = PBXBuildFile; productRef = 3999D53A304909C4005343C7 /* ConnectivityCore */; };
		3999D53D304909C4005343C7 /* WorkoutCore in Frameworks */ = {isa = PBXBuildFile; productRef = 3999D53C304909C4005343C7 /* WorkoutCore */; };
		3999D53F304909C4005343C7 /* WorkoutUI in Frameworks */ = {isa = PBXBuildFile; productRef = 3999D53E304909C4005343C7 /* WorkoutUI */; };
/* End PBXBuildFile section */

/* Begin PBXContainerItemProxy section */
		3999D2A73048F8B9005343C7 /* PBXContainerItemProxy */ = {
			isa = PBXContainerItemProxy;
			containerPortal = 3999D2803048F77F005343C7 /* Project object */;
			proxyType = 1;
			remoteGlobalIDString = 3999D2993048F8B8005343C7;
			remoteInfo = "HaruchiFit Watch App Watch App";
		};
		3999D2B83048F8B9005343C7 /* PBXContainerItemProxy */ = {
			isa = PBXContainerItemProxy;
			containerPortal = 3999D2803048F77F005343C7 /* Project object */;
			proxyType = 1;
			remoteGlobalIDString = 3999D2993048F8B8005343C7;
			remoteInfo = "HaruchiFit Watch App Watch App";
		};
		3999D2D73048FA55005343C7 /* PBXContainerItemProxy */ = {
			isa = PBXContainerItemProxy;
			containerPortal = 3999D2803048F77F005343C7 /* Project object */;
			proxyType = 1;
			remoteGlobalIDString = 3999D2C83048FA54005343C7;
			remoteInfo = HaruchiComplicationExtensionExtension;
		};
/* End PBXContainerItemProxy section */

/* Begin PBXCopyFilesBuildPhase section */
		3999D2BE3048F8B9005343C7 /* Embed Watch Content */ = {
			isa = PBXCopyFilesBuildPhase;
			buildActionMask = 2147483647;
			dstPath = "$(CONTENTS_FOLDER_PATH)/Watch";
			dstSubfolderSpec = 16;
			files = (
				3999D2BA3048F8B9005343C7 /* HaruchiFit Watch App.app in Embed Watch Content */,
			);
			name = "Embed Watch Content";
			runOnlyForDeploymentPostprocessing = 0;
		};
		3999D2DE3048FA55005343C7 /* Embed Foundation Extensions */ = {
			isa = PBXCopyFilesBuildPhase;
			buildActionMask = 2147483647;
			dstPath = "";
			dstSubfolderSpec = 13;
			files = (
				3999D2D93048FA55005343C7 /* HaruchiComplicationExtension.appex in Embed Foundation Extensions */,
			);
			name = "Embed Foundation Extensions";
			runOnlyForDeploymentPostprocessing = 0;
		};
/* End PBXCopyFilesBuildPhase section */

/* Begin PBXFileReference section */
		3999D2883048F77F005343C7 /* HaruchiFit.app */ = {isa = PBXFileReference; explicitFileType = wrapper.application; includeInIndex = 0; path = HaruchiFit.app; sourceTree = BUILT_PRODUCTS_DIR; };
		3999D29A3048F8B8005343C7 /* HaruchiFit Watch App.app */ = {isa = PBXFileReference; explicitFileType = wrapper.application; includeInIndex = 0; path = "HaruchiFit Watch App.app"; sourceTree = BUILT_PRODUCTS_DIR; };
		3999D2A63048F8B9005343C7 /* HaruchiFitWatchTests.xctest */ = {isa = PBXFileReference; explicitFileType = wrapper.cfbundle; includeInIndex = 0; path = HaruchiFitWatchTests.xctest; sourceTree = BUILT_PRODUCTS_DIR; };
		3999D2C93048FA54005343C7 /* HaruchiComplicationExtension.appex */ = {isa = PBXFileReference; explicitFileType = "wrapper.app-extension"; includeInIndex = 0; path = HaruchiComplicationExtension.appex; sourceTree = BUILT_PRODUCTS_DIR; };
		3999D2CB3048FA54005343C7 /* WidgetKit.framework */ = {isa = PBXFileReference; lastKnownFileType = wrapper.framework; name = WidgetKit.framework; path = System/Library/Frameworks/WidgetKit.framework; sourceTree = SDKROOT; };
		3999D2CD3048FA54005343C7 /* SwiftUI.framework */ = {isa = PBXFileReference; lastKnownFileType = wrapper.framework; name = SwiftUI.framework; path = System/Library/Frameworks/SwiftUI.framework; sourceTree = SDKROOT; };
		3999D540304909FD005343C7 /* HaruchiFit Watch App.entitlements */ = {isa = PBXFileReference; lastKnownFileType = text.plist.entitlements; path = "HaruchiFit Watch App.entitlements"; sourceTree = "<group>"; };
		3999D54130490A87005343C7 /* HaruchiFit.entitlements */ = {isa = PBXFileReference; lastKnownFileType = text.plist.entitlements; path = HaruchiFit.entitlements; sourceTree = "<group>"; };
/* End PBXFileReference section */

/* Begin PBXFileSystemSynchronizedBuildFileExceptionSet section */
		3999D2DA3048FA55005343C7 /* Exceptions for "ComplicationApp" folder in "HaruchiComplicationExtension" target */ = {
			isa = PBXFileSystemSynchronizedBuildFileExceptionSet;
			membershipExceptions = (
				Info.plist,
			);
			target = 3999D2C83048FA54005343C7 /* HaruchiComplicationExtension */;
		};
/* End PBXFileSystemSynchronizedBuildFileExceptionSet section */

/* Begin PBXFileSystemSynchronizedRootGroup section */
		3999D28A3048F77F005343C7 /* iOSApp */ = {
			isa = PBXFileSystemSynchronizedRootGroup;
			path = iOSApp;
			sourceTree = "<group>";
		};
		3999D29B3048F8B8005343C7 /* WatchApp */ = {
			isa = PBXFileSystemSynchronizedRootGroup;
			path = WatchApp;
			sourceTree = "<group>";
		};
		3999D2A93048F8B9005343C7 /* watchosTests */ = {
			isa = PBXFileSystemSynchronizedRootGroup;
			path = watchosTests;
			sourceTree = "<group>";
		};
		3999D2CF3048FA54005343C7 /* ComplicationApp */ = {
			isa = PBXFileSystemSynchronizedRootGroup;
			exceptions = (
				3999D2DA3048FA55005343C7 /* Exceptions for "ComplicationApp" folder in "HaruchiComplicationExtension" target */,
			);
			path = ComplicationApp;
			sourceTree = "<group>";
		};
/* End PBXFileSystemSynchronizedRootGroup section */

/* Begin PBXFrameworksBuildPhase section */
		3999D2853048F77F005343C7 /* Frameworks */ = {
			isa = PBXFrameworksBuildPhase;
			buildActionMask = 2147483647;
			files = (
				3999D531304909AF005343C7 /* ConnectivityCore in Frameworks */,
				3999D533304909AF005343C7 /* PersistenceCore in Frameworks */,
				3999D537304909AF005343C7 /* WorkoutShareUI in Frameworks */,
				3999D539304909AF005343C7 /* WorkoutUI in Frameworks */,
				3999D535304909AF005343C7 /* WorkoutCore in Frameworks */,
			);
			runOnlyForDeploymentPostprocessing = 0;
		};
		3999D2973048F8B8005343C7 /* Frameworks */ = {
			isa = PBXFrameworksBuildPhase;
			buildActionMask = 2147483647;
			files = (
				3999D53B304909C4005343C7 /* ConnectivityCore in Frameworks */,
				3999D53D304909C4005343C7 /* WorkoutCore in Frameworks */,
				3999D53F304909C4005343C7 /* WorkoutUI in Frameworks */,
			);
			runOnlyForDeploymentPostprocessing = 0;
		};
		3999D2A33048F8B9005343C7 /* Frameworks */ = {
			isa = PBXFrameworksBuildPhase;
			buildActionMask = 2147483647;
			files = (
			);
			runOnlyForDeploymentPostprocessing = 0;
		};
		3999D2C63048FA54005343C7 /* Frameworks */ = {
			isa = PBXFrameworksBuildPhase;
			buildActionMask = 2147483647;
			files = (
				3999D2CE3048FA54005343C7 /* SwiftUI.framework in Frameworks */,
				3999D2CC3048FA54005343C7 /* WidgetKit.framework in Frameworks */,
			);
			runOnlyForDeploymentPostprocessing = 0;
		};
/* End PBXFrameworksBuildPhase section */

/* Begin PBXGroup section */
		3999D27F3048F77F005343C7 = {
			isa = PBXGroup;
			children = (
				3999D54130490A87005343C7 /* HaruchiFit.entitlements */,
				3999D540304909FD005343C7 /* HaruchiFit Watch App.entitlements */,
				3999D28A3048F77F005343C7 /* iOSApp */,
				3999D29B3048F8B8005343C7 /* WatchApp */,
				3999D2A93048F8B9005343C7 /* watchosTests */,
				3999D2CF3048FA54005343C7 /* ComplicationApp */,
				3999D2CA3048FA54005343C7 /* Frameworks */,
				3999D2893048F77F005343C7 /* Products */,
			);
			sourceTree = "<group>";
		};
		3999D2893048F77F005343C7 /* Products */ = {
			isa = PBXGroup;
			children = (
				3999D2883048F77F005343C7 /* HaruchiFit.app */,
				3999D29A3048F8B8005343C7 /* HaruchiFit Watch App.app */,
				3999D2A63048F8B9005343C7 /* HaruchiFitWatchTests.xctest */,
				3999D2C93048FA54005343C7 /* HaruchiComplicationExtension.appex */,
			);
			name = Products;
			sourceTree = "<group>";
		};
		3999D2CA3048FA54005343C7 /* Frameworks */ = {
			isa = PBXGroup;
			children = (
				3999D2CB3048FA54005343C7 /* WidgetKit.framework */,
				3999D2CD3048FA54005343C7 /* SwiftUI.framework */,
			);
			name = Frameworks;
			sourceTree = "<group>";
		};
/* End PBXGroup section */

/* Begin PBXNativeTarget section */
		3999D2873048F77F005343C7 /* HaruchiFit */ = {
			isa = PBXNativeTarget;
			buildConfigurationList = 3999D2933048F780005343C7 /* Build configuration list for PBXNativeTarget "HaruchiFit" */;
			buildPhases = (
				3999D2843048F77F005343C7 /* Sources */,
				3999D2853048F77F005343C7 /* Frameworks */,
				3999D2863048F77F005343C7 /* Resources */,
				3999D2BE3048F8B9005343C7 /* Embed Watch Content */,
			);
			buildRules = (
			);
			dependencies = (
				3999D2B93048F8B9005343C7 /* PBXTargetDependency */,
			);
			fileSystemSynchronizedGroups = (
				3999D28A3048F77F005343C7 /* iOSApp */,
			);
			name = HaruchiFit;
			packageProductDependencies = (
				3999D530304909AF005343C7 /* ConnectivityCore */,
				3999D532304909AF005343C7 /* PersistenceCore */,
				3999D534304909AF005343C7 /* WorkoutCore */,
				3999D536304909AF005343C7 /* WorkoutShareUI */,
				3999D538304909AF005343C7 /* WorkoutUI */,
			);
			productName = HaruchiFit;
			productReference = 3999D2883048F77F005343C7 /* HaruchiFit.app */;
			productType = "com.apple.product-type.application";
		};
		3999D2993048F8B8005343C7 /* HaruchiFit Watch App */ = {
			isa = PBXNativeTarget;
			buildConfigurationList = 3999D2BB3048F8B9005343C7 /* Build configuration list for PBXNativeTarget "HaruchiFit Watch App" */;
			buildPhases = (
				3999D2963048F8B8005343C7 /* Sources */,
				3999D2973048F8B8005343C7 /* Frameworks */,
				3999D2983048F8B8005343C7 /* Resources */,
				3999D2DE3048FA55005343C7 /* Embed Foundation Extensions */,
			);
			buildRules = (
			);
			dependencies = (
				3999D2D83048FA55005343C7 /* PBXTargetDependency */,
			);
			fileSystemSynchronizedGroups = (
				3999D29B3048F8B8005343C7 /* WatchApp */,
			);
			name = "HaruchiFit Watch App";
			packageProductDependencies = (
				3999D53A304909C4005343C7 /* ConnectivityCore */,
				3999D53C304909C4005343C7 /* WorkoutCore */,
				3999D53E304909C4005343C7 /* WorkoutUI */,
			);
			productName = "HaruchiFit Watch App Watch App";
			productReference = 3999D29A3048F8B8005343C7 /* HaruchiFit Watch App.app */;
			productType = "com.apple.product-type.application";
		};
		3999D2A53048F8B9005343C7 /* HaruchiFitWatchTests */ = {
			isa = PBXNativeTarget;
			buildConfigurationList = 3999D2BF3048F8B9005343C7 /* Build configuration list for PBXNativeTarget "HaruchiFitWatchTests" */;
			buildPhases = (
				3999D2A23048F8B9005343C7 /* Sources */,
				3999D2A33048F8B9005343C7 /* Frameworks */,
				3999D2A43048F8B9005343C7 /* Resources */,
			);
			buildRules = (
			);
			dependencies = (
				3999D2A83048F8B9005343C7 /* PBXTargetDependency */,
			);
			fileSystemSynchronizedGroups = (
				3999D2A93048F8B9005343C7 /* watchosTests */,
			);
			name = HaruchiFitWatchTests;
			packageProductDependencies = (
			);
			productName = "HaruchiFit Watch App Watch AppTests";
			productReference = 3999D2A63048F8B9005343C7 /* HaruchiFitWatchTests.xctest */;
			productType = "com.apple.product-type.bundle.unit-test";
		};
		3999D2C83048FA54005343C7 /* HaruchiComplicationExtension */ = {
			isa = PBXNativeTarget;
			buildConfigurationList = 3999D2DB3048FA55005343C7 /* Build configuration list for PBXNativeTarget "HaruchiComplicationExtension" */;
			buildPhases = (
				3999D2C53048FA54005343C7 /* Sources */,
				3999D2C63048FA54005343C7 /* Frameworks */,
				3999D2C73048FA54005343C7 /* Resources */,
			);
			buildRules = (
			);
			dependencies = (
			);
			fileSystemSynchronizedGroups = (
				3999D2CF3048FA54005343C7 /* ComplicationApp */,
			);
			name = HaruchiComplicationExtension;
			packageProductDependencies = (
			);
			productName = HaruchiComplicationExtensionExtension;
			productReference = 3999D2C93048FA54005343C7 /* HaruchiComplicationExtension.appex */;
			productType = "com.apple.product-type.app-extension";
		};
/* End PBXNativeTarget section */

/* Begin PBXProject section */
		3999D2803048F77F005343C7 /* Project object */ = {
			isa = PBXProject;
			attributes = {
				BuildIndependentTargetsInParallel = 1;
				LastSwiftUpdateCheck = 2660;
				LastUpgradeCheck = 2660;
				TargetAttributes = {
					3999D2873048F77F005343C7 = {
						CreatedOnToolsVersion = 26.6;
					};
					3999D2993048F8B8005343C7 = {
						CreatedOnToolsVersion = 26.6;
					};
					3999D2A53048F8B9005343C7 = {
						CreatedOnToolsVersion = 26.6;
						TestTargetID = 3999D2993048F8B8005343C7;
					};
					3999D2C83048FA54005343C7 = {
						CreatedOnToolsVersion = 26.6;
					};
				};
			};
			buildConfigurationList = 3999D2833048F77F005343C7 /* Build configuration list for PBXProject "HaruchiFit" */;
			developmentRegion = en;
			hasScannedForEncodings = 0;
			knownRegions = (
				en,
				Base,
			);
			mainGroup = 3999D27F3048F77F005343C7;
			minimizedProjectReferenceProxies = 1;
			packageReferences = (
				3999D52F3049099C005343C7 /* XCLocalSwiftPackageReference "../../Packages/YJKit" */,
			);
			preferredProjectObjectVersion = 77;
			productRefGroup = 3999D2893048F77F005343C7 /* Products */;
			projectDirPath = "";
			projectRoot = "";
			targets = (
				3999D2873048F77F005343C7 /* HaruchiFit */,
				3999D2993048F8B8005343C7 /* HaruchiFit Watch App */,
				3999D2A53048F8B9005343C7 /* HaruchiFitWatchTests */,
				3999D2C83048FA54005343C7 /* HaruchiComplicationExtension */,
			);
		};
/* End PBXProject section */

/* Begin PBXResourcesBuildPhase section */
		3999D2863048F77F005343C7 /* Resources */ = {
			isa = PBXResourcesBuildPhase;
			buildActionMask = 2147483647;
			files = (
			);
			runOnlyForDeploymentPostprocessing = 0;
		};
		3999D2983048F8B8005343C7 /* Resources */ = {
			isa = PBXResourcesBuildPhase;
			buildActionMask = 2147483647;
			files = (
			);
			runOnlyForDeploymentPostprocessing = 0;
		};
		3999D2A43048F8B9005343C7 /* Resources */ = {
			isa = PBXResourcesBuildPhase;
			buildActionMask = 2147483647;
			files = (
			);
			runOnlyForDeploymentPostprocessing = 0;
		};
		3999D2C73048FA54005343C7 /* Resources */ = {
			isa = PBXResourcesBuildPhase;
			buildActionMask = 2147483647;
			files = (
			);
			runOnlyForDeploymentPostprocessing = 0;
		};
/* End PBXResourcesBuildPhase section */

/* Begin PBXSourcesBuildPhase section */
		3999D2843048F77F005343C7 /* Sources */ = {
			isa = PBXSourcesBuildPhase;
			buildActionMask = 2147483647;
			files = (
			);
			runOnlyForDeploymentPostprocessing = 0;
		};
		3999D2963048F8B8005343C7 /* Sources */ = {
			isa = PBXSourcesBuildPhase;
			buildActionMask = 2147483647;
			files = (
			);
			runOnlyForDeploymentPostprocessing = 0;
		};
		3999D2A23048F8B9005343C7 /* Sources */ = {
			isa = PBXSourcesBuildPhase;
			buildActionMask = 2147483647;
			files = (
			);
			runOnlyForDeploymentPostprocessing = 0;
		};
		3999D2C53048FA54005343C7 /* Sources */ = {
			isa = PBXSourcesBuildPhase;
			buildActionMask = 2147483647;
			files = (
			);
			runOnlyForDeploymentPostprocessing = 0;
		};
/* End PBXSourcesBuildPhase section */

/* Begin PBXTargetDependency section */
		3999D2A83048F8B9005343C7 /* PBXTargetDependency */ = {
			isa = PBXTargetDependency;
			target = 3999D2993048F8B8005343C7 /* HaruchiFit Watch App */;
			targetProxy = 3999D2A73048F8B9005343C7 /* PBXContainerItemProxy */;
		};
		3999D2B93048F8B9005343C7 /* PBXTargetDependency */ = {
			isa = PBXTargetDependency;
			target = 3999D2993048F8B8005343C7 /* HaruchiFit Watch App */;
			targetProxy = 3999D2B83048F8B9005343C7 /* PBXContainerItemProxy */;
		};
		3999D2D83048FA55005343C7 /* PBXTargetDependency */ = {
			isa = PBXTargetDependency;
			target = 3999D2C83048FA54005343C7 /* HaruchiComplicationExtension */;
			targetProxy = 3999D2D73048FA55005343C7 /* PBXContainerItemProxy */;
		};
/* End PBXTargetDependency section */

/* Begin XCBuildConfiguration section */
		3999D2913048F780005343C7 /* Debug */ = {
			isa = XCBuildConfiguration;
			buildSettings = {
				ALWAYS_SEARCH_USER_PATHS = NO;
				ASSETCATALOG_COMPILER_GENERATE_SWIFT_ASSET_SYMBOL_EXTENSIONS = YES;
				CLANG_ANALYZER_NONNULL = YES;
				CLANG_ANALYZER_NUMBER_OBJECT_CONVERSION = YES_AGGRESSIVE;
				CLANG_CXX_LANGUAGE_STANDARD = "gnu++20";
				CLANG_ENABLE_MODULES = YES;
				CLANG_ENABLE_OBJC_ARC = YES;
				CLANG_ENABLE_OBJC_WEAK = YES;
				CLANG_WARN_BLOCK_CAPTURE_AUTORELEASING = YES;
				CLANG_WARN_BOOL_CONVERSION = YES;
				CLANG_WARN_COMMA = YES;
				CLANG_WARN_CONSTANT_CONVERSION = YES;
				CLANG_WARN_DEPRECATED_OBJC_IMPLEMENTATIONS = YES;
				CLANG_WARN_DIRECT_OBJC_ISA_USAGE = YES_ERROR;
				CLANG_WARN_DOCUMENTATION_COMMENTS = YES;
				CLANG_WARN_EMPTY_BODY = YES;
				CLANG_WARN_ENUM_CONVERSION = YES;
				CLANG_WARN_INFINITE_RECURSION = YES;
				CLANG_WARN_INT_CONVERSION = YES;
				CLANG_WARN_NON_LITERAL_NULL_CONVERSION = YES;
				CLANG_WARN_OBJC_IMPLICIT_RETAIN_SELF = YES;
				CLANG_WARN_OBJC_LITERAL_CONVERSION = YES;
				CLANG_WARN_OBJC_ROOT_CLASS = YES_ERROR;
				CLANG_WARN_QUOTED_INCLUDE_IN_FRAMEWORK_HEADER = YES;
				CLANG_WARN_RANGE_LOOP_ANALYSIS = YES;
				CLANG_WARN_STRICT_PROTOTYPES = YES;
				CLANG_WARN_SUSPICIOUS_MOVE = YES;
				CLANG_WARN_UNGUARDED_AVAILABILITY = YES_AGGRESSIVE;
				CLANG_WARN_UNREACHABLE_CODE = YES;
				CLANG_WARN__DUPLICATE_METHOD_MATCH = YES;
				COPY_PHASE_STRIP = NO;
				DEBUG_INFORMATION_FORMAT = dwarf;
				DEVELOPMENT_TEAM = P2TU28W32L;
				ENABLE_STRICT_OBJC_MSGSEND = YES;
				ENABLE_TESTABILITY = YES;
				ENABLE_USER_SCRIPT_SANDBOXING = YES;
				GCC_C_LANGUAGE_STANDARD = gnu17;
				GCC_DYNAMIC_NO_PIC = NO;
				GCC_NO_COMMON_BLOCKS = YES;
				GCC_OPTIMIZATION_LEVEL = 0;
				GCC_PREPROCESSOR_DEFINITIONS = (
					"DEBUG=1",
					"$(inherited)",
				);
				GCC_WARN_64_TO_32_BIT_CONVERSION = YES;
				GCC_WARN_ABOUT_RETURN_TYPE = YES_ERROR;
				GCC_WARN_UNDECLARED_SELECTOR = YES;
				GCC_WARN_UNINITIALIZED_AUTOS = YES_AGGRESSIVE;
				GCC_WARN_UNUSED_FUNCTION = YES;
				GCC_WARN_UNUSED_VARIABLE = YES;
				IPHONEOS_DEPLOYMENT_TARGET = 17.0;
				LOCALIZATION_PREFERS_STRING_CATALOGS = YES;
				MTL_ENABLE_DEBUG_INFO = INCLUDE_SOURCE;
				MTL_FAST_MATH = YES;
				ONLY_ACTIVE_ARCH = YES;
				SDKROOT = iphoneos;
				SWIFT_ACTIVE_COMPILATION_CONDITIONS = "DEBUG $(inherited)";
				SWIFT_OPTIMIZATION_LEVEL = "-Onone";
			};
			name = Debug;
		};
		3999D2923048F780005343C7 /* Release */ = {
			isa = XCBuildConfiguration;
			buildSettings = {
				ALWAYS_SEARCH_USER_PATHS = NO;
				ASSETCATALOG_COMPILER_GENERATE_SWIFT_ASSET_SYMBOL_EXTENSIONS = YES;
				CLANG_ANALYZER_NONNULL = YES;
				CLANG_ANALYZER_NUMBER_OBJECT_CONVERSION = YES_AGGRESSIVE;
				CLANG_CXX_LANGUAGE_STANDARD = "gnu++20";
				CLANG_ENABLE_MODULES = YES;
				CLANG_ENABLE_OBJC_ARC = YES;
				CLANG_ENABLE_OBJC_WEAK = YES;
				CLANG_WARN_BLOCK_CAPTURE_AUTORELEASING = YES;
				CLANG_WARN_BOOL_CONVERSION = YES;
				CLANG_WARN_COMMA = YES;
				CLANG_WARN_CONSTANT_CONVERSION = YES;
				CLANG_WARN_DEPRECATED_OBJC_IMPLEMENTATIONS = YES;
				CLANG_WARN_DIRECT_OBJC_ISA_USAGE = YES_ERROR;
				CLANG_WARN_DOCUMENTATION_COMMENTS = YES;
				CLANG_WARN_EMPTY_BODY = YES;
				CLANG_WARN_ENUM_CONVERSION = YES;
				CLANG_WARN_INFINITE_RECURSION = YES;
				CLANG_WARN_INT_CONVERSION = YES;
				CLANG_WARN_NON_LITERAL_NULL_CONVERSION = YES;
				CLANG_WARN_OBJC_IMPLICIT_RETAIN_SELF = YES;
				CLANG_WARN_OBJC_LITERAL_CONVERSION = YES;
				CLANG_WARN_OBJC_ROOT_CLASS = YES_ERROR;
				CLANG_WARN_QUOTED_INCLUDE_IN_FRAMEWORK_HEADER = YES;
				CLANG_WARN_RANGE_LOOP_ANALYSIS = YES;
				CLANG_WARN_STRICT_PROTOTYPES = YES;
				CLANG_WARN_SUSPICIOUS_MOVE = YES;
				CLANG_WARN_UNGUARDED_AVAILABILITY = YES_AGGRESSIVE;
				CLANG_WARN_UNREACHABLE_CODE = YES;
				CLANG_WARN__DUPLICATE_METHOD_MATCH = YES;
				COPY_PHASE_STRIP = NO;
				DEBUG_INFORMATION_FORMAT = "dwarf-with-dsym";
				DEVELOPMENT_TEAM = P2TU28W32L;
				ENABLE_NS_ASSERTIONS = NO;
				ENABLE_STRICT_OBJC_MSGSEND = YES;
				ENABLE_USER_SCRIPT_SANDBOXING = YES;
				GCC_C_LANGUAGE_STANDARD = gnu17;
				GCC_NO_COMMON_BLOCKS = YES;
				GCC_WARN_64_TO_32_BIT_CONVERSION = YES;
				GCC_WARN_ABOUT_RETURN_TYPE = YES_ERROR;
				GCC_WARN_UNDECLARED_SELECTOR = YES;
				GCC_WARN_UNINITIALIZED_AUTOS = YES_AGGRESSIVE;
				GCC_WARN_UNUSED_FUNCTION = YES;
				GCC_WARN_UNUSED_VARIABLE = YES;
				IPHONEOS_DEPLOYMENT_TARGET = 17.0;
				LOCALIZATION_PREFERS_STRING_CATALOGS = YES;
				MTL_ENABLE_DEBUG_INFO = NO;
				MTL_FAST_MATH = YES;
				SDKROOT = iphoneos;
				SWIFT_COMPILATION_MODE = wholemodule;
				VALIDATE_PRODUCT = YES;
			};
			name = Release;
		};
		3999D2943048F780005343C7 /* Debug */ = {
			isa = XCBuildConfiguration;
			buildSettings = {
				ASSETCATALOG_COMPILER_APPICON_NAME = AppIcon;
				ASSETCATALOG_COMPILER_GLOBAL_ACCENT_COLOR_NAME = AccentColor;
				CODE_SIGN_ENTITLEMENTS = HaruchiFit.entitlements;
				CODE_SIGN_STYLE = Automatic;
				CURRENT_PROJECT_VERSION = 1;
				DEVELOPMENT_TEAM = P2TU28W32L;
				ENABLE_PREVIEWS = YES;
				GENERATE_INFOPLIST_FILE = YES;
				INFOPLIST_FILE = "HaruchiFit-Info.plist";
				INFOPLIST_KEY_NSHealthShareUsageDescription = "Haruchi Fit reads your workouts from Apple Health to fill in your activity grid.";
				INFOPLIST_KEY_NSHealthUpdateUsageDescription = "Haruchi Fit saves workouts recorded on your Apple Watch to Apple Health.";
				INFOPLIST_KEY_UIApplicationSceneManifest_Generation = YES;
				INFOPLIST_KEY_UIApplicationSupportsIndirectInputEvents = YES;
				INFOPLIST_KEY_UILaunchScreen_Generation = YES;
				INFOPLIST_KEY_UISupportedInterfaceOrientations_iPad = "UIInterfaceOrientationPortrait UIInterfaceOrientationPortraitUpsideDown UIInterfaceOrientationLandscapeLeft UIInterfaceOrientationLandscapeRight";
				INFOPLIST_KEY_UISupportedInterfaceOrientations_iPhone = "UIInterfaceOrientationPortrait UIInterfaceOrientationLandscapeLeft UIInterfaceOrientationLandscapeRight";
				IPHONEOS_DEPLOYMENT_TARGET = 17.0;
				LD_RUNPATH_SEARCH_PATHS = (
					"$(inherited)",
					"@executable_path/Frameworks",
				);
				MARKETING_VERSION = 1.0;
				PRODUCT_BUNDLE_IDENTIFIER = com.yj.HaruchiFit;
				PRODUCT_NAME = "$(TARGET_NAME)";
				STRING_CATALOG_GENERATE_SYMBOLS = YES;
				SWIFT_APPROACHABLE_CONCURRENCY = YES;
				SWIFT_DEFAULT_ACTOR_ISOLATION = MainActor;
				SWIFT_EMIT_LOC_STRINGS = YES;
				SWIFT_UPCOMING_FEATURE_MEMBER_IMPORT_VISIBILITY = YES;
				SWIFT_VERSION = 5.0;
				TARGETED_DEVICE_FAMILY = "1,2";
			};
			name = Debug;
		};
		3999D2953048F780005343C7 /* Release */ = {
			isa = XCBuildConfiguration;
			buildSettings = {
				ASSETCATALOG_COMPILER_APPICON_NAME = AppIcon;
				ASSETCATALOG_COMPILER_GLOBAL_ACCENT_COLOR_NAME = AccentColor;
				CODE_SIGN_ENTITLEMENTS = HaruchiFit.entitlements;
				CODE_SIGN_STYLE = Automatic;
				CURRENT_PROJECT_VERSION = 1;
				DEVELOPMENT_TEAM = P2TU28W32L;
				ENABLE_PREVIEWS = YES;
				GENERATE_INFOPLIST_FILE = YES;
				INFOPLIST_FILE = "HaruchiFit-Info.plist";
				INFOPLIST_KEY_NSHealthShareUsageDescription = "Haruchi Fit reads your workouts from Apple Health to fill in your activity grid.";
				INFOPLIST_KEY_NSHealthUpdateUsageDescription = "Haruchi Fit saves workouts recorded on your Apple Watch to Apple Health.";
				INFOPLIST_KEY_UIApplicationSceneManifest_Generation = YES;
				INFOPLIST_KEY_UIApplicationSupportsIndirectInputEvents = YES;
				INFOPLIST_KEY_UILaunchScreen_Generation = YES;
				INFOPLIST_KEY_UISupportedInterfaceOrientations_iPad = "UIInterfaceOrientationPortrait UIInterfaceOrientationPortraitUpsideDown UIInterfaceOrientationLandscapeLeft UIInterfaceOrientationLandscapeRight";
				INFOPLIST_KEY_UISupportedInterfaceOrientations_iPhone = "UIInterfaceOrientationPortrait UIInterfaceOrientationLandscapeLeft UIInterfaceOrientationLandscapeRight";
				IPHONEOS_DEPLOYMENT_TARGET = 17.0;
				LD_RUNPATH_SEARCH_PATHS = (
					"$(inherited)",
					"@executable_path/Frameworks",
				);
				MARKETING_VERSION = 1.0;
				PRODUCT_BUNDLE_IDENTIFIER = com.yj.HaruchiFit;
				PRODUCT_NAME = "$(TARGET_NAME)";
				STRING_CATALOG_GENERATE_SYMBOLS = YES;
				SWIFT_APPROACHABLE_CONCURRENCY = YES;
				SWIFT_DEFAULT_ACTOR_ISOLATION = MainActor;
				SWIFT_EMIT_LOC_STRINGS = YES;
				SWIFT_UPCOMING_FEATURE_MEMBER_IMPORT_VISIBILITY = YES;
				SWIFT_VERSION = 5.0;
				TARGETED_DEVICE_FAMILY = "1,2";
			};
			name = Release;
		};
		3999D2BC3048F8B9005343C7 /* Debug */ = {
			isa = XCBuildConfiguration;
			buildSettings = {
				ASSETCATALOG_COMPILER_APPICON_NAME = AppIcon;
				ASSETCATALOG_COMPILER_GLOBAL_ACCENT_COLOR_NAME = AccentColor;
				CODE_SIGN_ENTITLEMENTS = "HaruchiFit Watch App.entitlements";
				CODE_SIGN_STYLE = Automatic;
				CURRENT_PROJECT_VERSION = 1;
				DEVELOPMENT_TEAM = P2TU28W32L;
				ENABLE_PREVIEWS = YES;
				GENERATE_INFOPLIST_FILE = YES;
				INFOPLIST_KEY_CFBundleDisplayName = "HaruchiFit Watch App";
				INFOPLIST_KEY_NSHealthShareUsageDescription = "Haruchi Fit reads your workouts from Apple Health to fill in your activity grid.";
				INFOPLIST_KEY_NSHealthUpdateUsageDescription = "Haruchi Fit saves workouts recorded on your Apple Watch to Apple Health.";
				INFOPLIST_KEY_UISupportedInterfaceOrientations = "UIInterfaceOrientationPortrait UIInterfaceOrientationPortraitUpsideDown";
				INFOPLIST_KEY_WKCompanionAppBundleIdentifier = com.yj.HaruchiFit;
				LD_RUNPATH_SEARCH_PATHS = (
					"$(inherited)",
					"@executable_path/Frameworks",
				);
				MARKETING_VERSION = 1.0;
				PRODUCT_BUNDLE_IDENTIFIER = com.yj.HaruchiFit.watchkitapp;
				PRODUCT_NAME = "$(TARGET_NAME)";
				SDKROOT = watchos;
				SKIP_INSTALL = YES;
				STRING_CATALOG_GENERATE_SYMBOLS = YES;
				SWIFT_APPROACHABLE_CONCURRENCY = YES;
				SWIFT_DEFAULT_ACTOR_ISOLATION = MainActor;
				SWIFT_EMIT_LOC_STRINGS = YES;
				SWIFT_UPCOMING_FEATURE_MEMBER_IMPORT_VISIBILITY = YES;
				SWIFT_VERSION = 5.0;
				TARGETED_DEVICE_FAMILY = 4;
				WATCHOS_DEPLOYMENT_TARGET = 10.0;
			};
			name = Debug;
		};
		3999D2BD3048F8B9005343C7 /* Release */ = {
			isa = XCBuildConfiguration;
			buildSettings = {
				ASSETCATALOG_COMPILER_APPICON_NAME = AppIcon;
				ASSETCATALOG_COMPILER_GLOBAL_ACCENT_COLOR_NAME = AccentColor;
				CODE_SIGN_ENTITLEMENTS = "HaruchiFit Watch App.entitlements";
				CODE_SIGN_STYLE = Automatic;
				CURRENT_PROJECT_VERSION = 1;
				DEVELOPMENT_TEAM = P2TU28W32L;
				ENABLE_PREVIEWS = YES;
				GENERATE_INFOPLIST_FILE = YES;
				INFOPLIST_KEY_CFBundleDisplayName = "HaruchiFit Watch App";
				INFOPLIST_KEY_NSHealthShareUsageDescription = "Haruchi Fit reads your workouts from Apple Health to fill in your activity grid.";
				INFOPLIST_KEY_NSHealthUpdateUsageDescription = "Haruchi Fit saves workouts recorded on your Apple Watch to Apple Health.";
				INFOPLIST_KEY_UISupportedInterfaceOrientations = "UIInterfaceOrientationPortrait UIInterfaceOrientationPortraitUpsideDown";
				INFOPLIST_KEY_WKCompanionAppBundleIdentifier = com.yj.HaruchiFit;
				LD_RUNPATH_SEARCH_PATHS = (
					"$(inherited)",
					"@executable_path/Frameworks",
				);
				MARKETING_VERSION = 1.0;
				PRODUCT_BUNDLE_IDENTIFIER = com.yj.HaruchiFit.watchkitapp;
				PRODUCT_NAME = "$(TARGET_NAME)";
				SDKROOT = watchos;
				SKIP_INSTALL = YES;
				STRING_CATALOG_GENERATE_SYMBOLS = YES;
				SWIFT_APPROACHABLE_CONCURRENCY = YES;
				SWIFT_DEFAULT_ACTOR_ISOLATION = MainActor;
				SWIFT_EMIT_LOC_STRINGS = YES;
				SWIFT_UPCOMING_FEATURE_MEMBER_IMPORT_VISIBILITY = YES;
				SWIFT_VERSION = 5.0;
				TARGETED_DEVICE_FAMILY = 4;
				WATCHOS_DEPLOYMENT_TARGET = 10.0;
			};
			name = Release;
		};
		3999D2C03048F8B9005343C7 /* Debug */ = {
			isa = XCBuildConfiguration;
			buildSettings = {
				CODE_SIGN_STYLE = Automatic;
				CURRENT_PROJECT_VERSION = 1;
				DEVELOPMENT_TEAM = P2TU28W32L;
				GENERATE_INFOPLIST_FILE = YES;
				MARKETING_VERSION = 1.0;
				PRODUCT_BUNDLE_IDENTIFIER = com.yj.HaruchiFitWatchTests;
				PRODUCT_NAME = "$(TARGET_NAME)";
				SDKROOT = watchos;
				STRING_CATALOG_GENERATE_SYMBOLS = NO;
				SWIFT_APPROACHABLE_CONCURRENCY = YES;
				SWIFT_EMIT_LOC_STRINGS = NO;
				SWIFT_UPCOMING_FEATURE_MEMBER_IMPORT_VISIBILITY = YES;
				SWIFT_VERSION = 5.0;
				TARGETED_DEVICE_FAMILY = 4;
				TEST_HOST = "$(BUILT_PRODUCTS_DIR)/HaruchiFit Watch App.app/$(BUNDLE_EXECUTABLE_FOLDER_PATH)/HaruchiFit Watch App";
				WATCHOS_DEPLOYMENT_TARGET = 10.0;
			};
			name = Debug;
		};
		3999D2C13048F8B9005343C7 /* Release */ = {
			isa = XCBuildConfiguration;
			buildSettings = {
				CODE_SIGN_STYLE = Automatic;
				CURRENT_PROJECT_VERSION = 1;
				DEVELOPMENT_TEAM = P2TU28W32L;
				GENERATE_INFOPLIST_FILE = YES;
				MARKETING_VERSION = 1.0;
				PRODUCT_BUNDLE_IDENTIFIER = com.yj.HaruchiFitWatchTests;
				PRODUCT_NAME = "$(TARGET_NAME)";
				SDKROOT = watchos;
				STRING_CATALOG_GENERATE_SYMBOLS = NO;
				SWIFT_APPROACHABLE_CONCURRENCY = YES;
				SWIFT_EMIT_LOC_STRINGS = NO;
				SWIFT_UPCOMING_FEATURE_MEMBER_IMPORT_VISIBILITY = YES;
				SWIFT_VERSION = 5.0;
				TARGETED_DEVICE_FAMILY = 4;
				TEST_HOST = "$(BUILT_PRODUCTS_DIR)/HaruchiFit Watch App.app/$(BUNDLE_EXECUTABLE_FOLDER_PATH)/HaruchiFit Watch App";
				WATCHOS_DEPLOYMENT_TARGET = 10.0;
			};
			name = Release;
		};
		3999D2DC3048FA55005343C7 /* Debug */ = {
			isa = XCBuildConfiguration;
			buildSettings = {
				ASSETCATALOG_COMPILER_GLOBAL_ACCENT_COLOR_NAME = AccentColor;
				ASSETCATALOG_COMPILER_WIDGET_BACKGROUND_COLOR_NAME = WidgetBackground;
				CODE_SIGN_STYLE = Automatic;
				CURRENT_PROJECT_VERSION = 1;
				DEVELOPMENT_TEAM = P2TU28W32L;
				GENERATE_INFOPLIST_FILE = YES;
				INFOPLIST_FILE = ComplicationApp/Info.plist;
				INFOPLIST_KEY_CFBundleDisplayName = HaruchiComplicationExtension;
				INFOPLIST_KEY_NSHumanReadableCopyright = "";
				LD_RUNPATH_SEARCH_PATHS = (
					"$(inherited)",
					"@executable_path/Frameworks",
					"@executable_path/../../Frameworks",
					"@executable_path/../../../../Frameworks",
				);
				MARKETING_VERSION = 1.0;
				PRODUCT_BUNDLE_IDENTIFIER = com.yj.HaruchiFit.watchkitapp.ComplicationApp;
				PRODUCT_NAME = "$(TARGET_NAME)";
				SDKROOT = watchos;
				SKIP_INSTALL = YES;
				STRING_CATALOG_GENERATE_SYMBOLS = YES;
				SWIFT_APPROACHABLE_CONCURRENCY = YES;
				SWIFT_EMIT_LOC_STRINGS = YES;
				SWIFT_UPCOMING_FEATURE_MEMBER_IMPORT_VISIBILITY = YES;
				SWIFT_VERSION = 5.0;
				TARGETED_DEVICE_FAMILY = 4;
				WATCHOS_DEPLOYMENT_TARGET = 10.0;
			};
			name = Debug;
		};
		3999D2DD3048FA55005343C7 /* Release */ = {
			isa = XCBuildConfiguration;
			buildSettings = {
				ASSETCATALOG_COMPILER_GLOBAL_ACCENT_COLOR_NAME = AccentColor;
				ASSETCATALOG_COMPILER_WIDGET_BACKGROUND_COLOR_NAME = WidgetBackground;
				CODE_SIGN_STYLE = Automatic;
				CURRENT_PROJECT_VERSION = 1;
				DEVELOPMENT_TEAM = P2TU28W32L;
				GENERATE_INFOPLIST_FILE = YES;
				INFOPLIST_FILE = ComplicationApp/Info.plist;
				INFOPLIST_KEY_CFBundleDisplayName = HaruchiComplicationExtension;
				INFOPLIST_KEY_NSHumanReadableCopyright = "";
				LD_RUNPATH_SEARCH_PATHS = (
					"$(inherited)",
					"@executable_path/Frameworks",
					"@executable_path/../../Frameworks",
					"@executable_path/../../../../Frameworks",
				);
				MARKETING_VERSION = 1.0;
				PRODUCT_BUNDLE_IDENTIFIER = com.yj.HaruchiFit.watchkitapp.ComplicationApp;
				PRODUCT_NAME = "$(TARGET_NAME)";
				SDKROOT = watchos;
				SKIP_INSTALL = YES;
				STRING_CATALOG_GENERATE_SYMBOLS = YES;
				SWIFT_APPROACHABLE_CONCURRENCY = YES;
				SWIFT_EMIT_LOC_STRINGS = YES;
				SWIFT_UPCOMING_FEATURE_MEMBER_IMPORT_VISIBILITY = YES;
				SWIFT_VERSION = 5.0;
				TARGETED_DEVICE_FAMILY = 4;
				WATCHOS_DEPLOYMENT_TARGET = 10.0;
			};
			name = Release;
		};
/* End XCBuildConfiguration section */

/* Begin XCConfigurationList section */
		3999D2833048F77F005343C7 /* Build configuration list for PBXProject "HaruchiFit" */ = {
			isa = XCConfigurationList;
			buildConfigurations = (
				3999D2913048F780005343C7 /* Debug */,
				3999D2923048F780005343C7 /* Release */,
			);
			defaultConfigurationIsVisible = 0;
			defaultConfigurationName = Release;
		};
		3999D2933048F780005343C7 /* Build configuration list for PBXNativeTarget "HaruchiFit" */ = {
			isa = XCConfigurationList;
			buildConfigurations = (
				3999D2943048F780005343C7 /* Debug */,
				3999D2953048F780005343C7 /* Release */,
			);
			defaultConfigurationIsVisible = 0;
			defaultConfigurationName = Release;
		};
		3999D2BB3048F8B9005343C7 /* Build configuration list for PBXNativeTarget "HaruchiFit Watch App" */ = {
			isa = XCConfigurationList;
			buildConfigurations = (
				3999D2BC3048F8B9005343C7 /* Debug */,
				3999D2BD3048F8B9005343C7 /* Release */,
			);
			defaultConfigurationIsVisible = 0;
			defaultConfigurationName = Release;
		};
		3999D2BF3048F8B9005343C7 /* Build configuration list for PBXNativeTarget "HaruchiFitWatchTests" */ = {
			isa = XCConfigurationList;
			buildConfigurations = (
				3999D2C03048F8B9005343C7 /* Debug */,
				3999D2C13048F8B9005343C7 /* Release */,
			);
			defaultConfigurationIsVisible = 0;
			defaultConfigurationName = Release;
		};
		3999D2DB3048FA55005343C7 /* Build configuration list for PBXNativeTarget "HaruchiComplicationExtension" */ = {
			isa = XCConfigurationList;
			buildConfigurations = (
				3999D2DC3048FA55005343C7 /* Debug */,
				3999D2DD3048FA55005343C7 /* Release */,
			);
			defaultConfigurationIsVisible = 0;
			defaultConfigurationName = Release;
		};
/* End XCConfigurationList section */

/* Begin XCLocalSwiftPackageReference section */
		3999D52F3049099C005343C7 /* XCLocalSwiftPackageReference "../../Packages/YJKit" */ = {
			isa = XCLocalSwiftPackageReference;
			relativePath = ../../Packages/YJKit;
		};
/* End XCLocalSwiftPackageReference section */

/* Begin XCSwiftPackageProductDependency section */
		3999D530304909AF005343C7 /* ConnectivityCore */ = {
			isa = XCSwiftPackageProductDependency;
			package = 3999D52F3049099C005343C7 /* XCLocalSwiftPackageReference "../../Packages/YJKit" */;
			productName = ConnectivityCore;
		};
		3999D532304909AF005343C7 /* PersistenceCore */ = {
			isa = XCSwiftPackageProductDependency;
			package = 3999D52F3049099C005343C7 /* XCLocalSwiftPackageReference "../../Packages/YJKit" */;
			productName = PersistenceCore;
		};
		3999D534304909AF005343C7 /* WorkoutCore */ = {
			isa = XCSwiftPackageProductDependency;
			package = 3999D52F3049099C005343C7 /* XCLocalSwiftPackageReference "../../Packages/YJKit" */;
			productName = WorkoutCore;
		};
		3999D536304909AF005343C7 /* WorkoutShareUI */ = {
			isa = XCSwiftPackageProductDependency;
			package = 3999D52F3049099C005343C7 /* XCLocalSwiftPackageReference "../../Packages/YJKit" */;
			productName = WorkoutShareUI;
		};
		3999D538304909AF005343C7 /* WorkoutUI */ = {
			isa = XCSwiftPackageProductDependency;
			package = 3999D52F3049099C005343C7 /* XCLocalSwiftPackageReference "../../Packages/YJKit" */;
			productName = WorkoutUI;
		};
		3999D53A304909C4005343C7 /* ConnectivityCore */ = {
			isa = XCSwiftPackageProductDependency;
			package = 3999D52F3049099C005343C7 /* XCLocalSwiftPackageReference "../../Packages/YJKit" */;
			productName = ConnectivityCore;
		};
		3999D53C304909C4005343C7 /* WorkoutCore */ = {
			isa = XCSwiftPackageProductDependency;
			package = 3999D52F3049099C005343C7 /* XCLocalSwiftPackageReference "../../Packages/YJKit" */;
			productName = WorkoutCore;
		};
		3999D53E304909C4005343C7 /* WorkoutUI */ = {
			isa = XCSwiftPackageProductDependency;
			package = 3999D52F3049099C005343C7 /* XCLocalSwiftPackageReference "../../Packages/YJKit" */;
			productName = WorkoutUI;
		};
/* End XCSwiftPackageProductDependency section */
	};
	rootObject = 3999D2803048F77F005343C7 /* Project object */;
}
